// !$*UTF8*$!
{
	archiveVersion = 1;
	classes = {
	};
	objectVersion = 56;
	objects = {

/* Begin PBXBuildFile section */
		DC19DE8F2A3722A9005199F4 /* Realm in Frameworks */ = {isa = PBXBuildFile; productRef = DC19DE8E2A3722A9005199F4 /* Realm */; };
		DC19DE912A3722A9005199F4 /* RealmSwift in Frameworks */ = {isa = PBXBuildFile; productRef = DC19DE902A3722A9005199F4 /* RealmSwift */; };
		DC1CEDDA29F2D16200EDAC55 /* DataManager.swift in Sources */ = {isa = PBXBuildFile; fileRef = DC1CEDD929F2D16200EDAC55 /* DataManager.swift */; };
		DC201C002A2B627E002117FF /* ComposingWord.swift in Sources */ = {isa = PBXBuildFile; fileRef = DC201BFF2A2B627E002117FF /* ComposingWord.swift */; };
		DC201C022A2B64F0002117FF /* SplittingWord.swift in Sources */ = {isa = PBXBuildFile; fileRef = DC201C012A2B64F0002117FF /* SplittingWord.swift */; };
		DC201C052A2B6A75002117FF /* CustomButton.swift in Sources */ = {isa = PBXBuildFile; fileRef = DC201C042A2B6A75002117FF /* CustomButton.swift */; };
		DC201C072A2B6CA8002117FF /* FinishTraining.swift in Sources */ = {isa = PBXBuildFile; fileRef = DC201C062A2B6CA8002117FF /* FinishTraining.swift */; };
		DC201C092A2B8104002117FF /* WarningView.swift in Sources */ = {isa = PBXBuildFile; fileRef = DC201C082A2B8104002117FF /* WarningView.swift */; };
		DC201C0B2A2B9052002117FF /* AnswerButtons.swift in Sources */ = {isa = PBXBuildFile; fileRef = DC201C0A2A2B9052002117FF /* AnswerButtons.swift */; };
		DC26991429ED5D6C00EBB591 /* WordRow.swift in Sources */ = {isa = PBXBuildFile; fileRef = DC26991329ED5D6C00EBB591 /* WordRow.swift */; };
		DC26991629ED5D7800EBB591 /* WordRowViewModel.swift in Sources */ = {isa = PBXBuildFile; fileRef = DC26991529ED5D7800EBB591 /* WordRowViewModel.swift */; };
		DC31C20C2A34C9C500C183B1 /* VibrationManager.swift in Sources */ = {isa = PBXBuildFile; fileRef = DC31C20B2A34C9C500C183B1 /* VibrationManager.swift */; };
		DC4C4AF22A0E2C0C000C5377 /* AddNewWordsView.swift in Sources */ = {isa = PBXBuildFile; fileRef = DC4C4AF12A0E2C0C000C5377 /* AddNewWordsView.swift */; };
		DC6DB26E2A30B994006D0518 /* SettingsViewModel.swift in Sources */ = {isa = PBXBuildFile; fileRef = DC6DB26D2A30B994006D0518 /* SettingsViewModel.swift */; };
		DC7BF2AC29EFEF6A00753C72 /* Training.swift in Sources */ = {isa = PBXBuildFile; fileRef = DC7BF2AB29EFEF6A00753C72 /* Training.swift */; };
		DC7BF2AF29EFEFB600753C72 /* TrainingsScreen.swift in Sources */ = {isa = PBXBuildFile; fileRef = DC7BF2AE29EFEFB600753C72 /* TrainingsScreen.swift */; };
		DC7BF2B129EFEFBF00753C72 /* TrainingsScreenViewModel.swift in Sources */ = {isa = PBXBuildFile; fileRef = DC7BF2B029EFEFBF00753C72 /* TrainingsScreenViewModel.swift */; };
		DC7BF2B329EFF42B00753C72 /* PickerView.swift in Sources */ = {isa = PBXBuildFile; fileRef = DC7BF2B229EFF42B00753C72 /* PickerView.swift */; };
		DC7BF2B729F0213300753C72 /* SwipeCardView.swift in Sources */ = {isa = PBXBuildFile; fileRef = DC7BF2B629F0213300753C72 /* SwipeCardView.swift */; };
		DC7BF2B929F0214700753C72 /* SwipeCardViewModel.swift in Sources */ = {isa = PBXBuildFile; fileRef = DC7BF2B829F0214700753C72 /* SwipeCardViewModel.swift */; };
		DC7BF2BB29F02ED500753C72 /* FlashCardViewModel.swift in Sources */ = {isa = PBXBuildFile; fileRef = DC7BF2BA29F02ED500753C72 /* FlashCardViewModel.swift */; };
		DC7BF2BD29F02EE000753C72 /* FlashCardView.swift in Sources */ = {isa = PBXBuildFile; fileRef = DC7BF2BC29F02EE000753C72 /* FlashCardView.swift */; };
		DC8134272A07B1D1006C85EF /* GroupDetail.swift in Sources */ = {isa = PBXBuildFile; fileRef = DC8134262A07B1D1006C85EF /* GroupDetail.swift */; };
		DC8134292A07B62B006C85EF /* GroupDetailViewModel.swift in Sources */ = {isa = PBXBuildFile; fileRef = DC8134282A07B62B006C85EF /* GroupDetailViewModel.swift */; };
		DC83FBBB29E985D100EA8BFA /* ListOfGroups.swift in Sources */ = {isa = PBXBuildFile; fileRef = DC83FBBA29E985D100EA8BFA /* ListOfGroups.swift */; };
		DC83FBBD29E985F600EA8BFA /* ListOfGroupsViewModel.swift in Sources */ = {isa = PBXBuildFile; fileRef = DC83FBBC29E985F600EA8BFA /* ListOfGroupsViewModel.swift */; };
		DC83FBC029E9883100EA8BFA /* BackgroundView.swift in Sources */ = {isa = PBXBuildFile; fileRef = DC83FBBF29E9883100EA8BFA /* BackgroundView.swift */; };
		DC83FBC329E9887200EA8BFA /* Color + Extension.swift in Sources */ = {isa = PBXBuildFile; fileRef = DC83FBC229E9887200EA8BFA /* Color + Extension.swift */; };
		DC83FBC529E98AA100EA8BFA /* View + Extantion.swift in Sources */ = {isa = PBXBuildFile; fileRef = DC83FBC429E98AA100EA8BFA /* View + Extantion.swift */; };
		DC83FBC729E9914F00EA8BFA /* GroupRow.swift in Sources */ = {isa = PBXBuildFile; fileRef = DC83FBC629E9914F00EA8BFA /* GroupRow.swift */; };
		DC83FBC929E9916400EA8BFA /* GroupRowViewModel.swift in Sources */ = {isa = PBXBuildFile; fileRef = DC83FBC829E9916400EA8BFA /* GroupRowViewModel.swift */; };
		DC83FBD829E9998000EA8BFA /* ListOfGroupsViewModel.swift in Sources */ = {isa = PBXBuildFile; fileRef = DC83FBBC29E985F600EA8BFA /* ListOfGroupsViewModel.swift */; };
		DC83FBDE29E9A01F00EA8BFA /* WordGroup.swift in Sources */ = {isa = PBXBuildFile; fileRef = DCAA0D8529E591CA00747E9F /* WordGroup.swift */; };
		DC9993482A1A58C9002E0432 /* StorageManager.swift in Sources */ = {isa = PBXBuildFile; fileRef = DC9993472A1A58C9002E0432 /* StorageManager.swift */; };
		DC9BC6652A3747B9004EA037 /* String + Extension.swift in Sources */ = {isa = PBXBuildFile; fileRef = DC9BC6642A3747B9004EA037 /* String + Extension.swift */; };
		DC9BC66A2A3748D3004EA037 /* Localizable.strings in Resources */ = {isa = PBXBuildFile; fileRef = DC9BC66C2A3748D3004EA037 /* Localizable.strings */; };
		DCAA0D7729E5919400747E9F /* VocabVibesApp.swift in Sources */ = {isa = PBXBuildFile; fileRef = DCAA0D7629E5919400747E9F /* VocabVibesApp.swift */; };
		DCAA0D7B29E5919500747E9F /* Assets.xcassets in Resources */ = {isa = PBXBuildFile; fileRef = DCAA0D7A29E5919500747E9F /* Assets.xcassets */; };
		DCAA0D7E29E5919500747E9F /* Preview Assets.xcassets in Resources */ = {isa = PBXBuildFile; fileRef = DCAA0D7D29E5919500747E9F /* Preview Assets.xcassets */; };
		DCAA0D8629E591CA00747E9F /* WordGroup.swift in Sources */ = {isa = PBXBuildFile; fileRef = DCAA0D8529E591CA00747E9F /* WordGroup.swift */; };
		DCB509982A15228800908EAF /* AllWordsViewModel.swift in Sources */ = {isa = PBXBuildFile; fileRef = DCB509972A15228800908EAF /* AllWordsViewModel.swift */; };
		DCC1AA0729F1BCFC00718739 /* SettingsView.swift in Sources */ = {isa = PBXBuildFile; fileRef = DCC1AA0629F1BCFC00718739 /* SettingsView.swift */; };
		DCC1AA0929F1BD2200718739 /* AllWordsView.swift in Sources */ = {isa = PBXBuildFile; fileRef = DCC1AA0829F1BD2200718739 /* AllWordsView.swift */; };
		DCC1AA0B29F1BD4600718739 /* MainView.swift in Sources */ = {isa = PBXBuildFile; fileRef = DCC1AA0A29F1BD4600718739 /* MainView.swift */; };
		DCC1AA0D29F1BD9400718739 /* TabMainView.swift in Sources */ = {isa = PBXBuildFile; fileRef = DCC1AA0C29F1BD9400718739 /* TabMainView.swift */; };
		DCD28FB429F175590050E786 /* CardView.swift in Sources */ = {isa = PBXBuildFile; fileRef = DCD28FB329F175590050E786 /* CardView.swift */; };
		DCD28FB629F175650050E786 /* CardViewModel.swift in Sources */ = {isa = PBXBuildFile; fileRef = DCD28FB529F175650050E786 /* CardViewModel.swift */; };
		DCD28FB829F177DE0050E786 /* WriteWord.swift in Sources */ = {isa = PBXBuildFile; fileRef = DCD28FB729F177DE0050E786 /* WriteWord.swift */; };
		DCD28FBA29F177EC0050E786 /* WriteWordViewModel.swift in Sources */ = {isa = PBXBuildFile; fileRef = DCD28FB929F177EC0050E786 /* WriteWordViewModel.swift */; };
		DCD28FBD29F17F170050E786 /* ChooseWord.swift in Sources */ = {isa = PBXBuildFile; fileRef = DCD28FBC29F17F170050E786 /* ChooseWord.swift */; };
		DCD28FBF29F17F1F0050E786 /* ChooseWordViewModel.swift in Sources */ = {isa = PBXBuildFile; fileRef = DCD28FBE29F17F1F0050E786 /* ChooseWordViewModel.swift */; };
		DCD28FC229F182370050E786 /* MakeWordViewModel.swift in Sources */ = {isa = PBXBuildFile; fileRef = DCD28FC129F182370050E786 /* MakeWordViewModel.swift */; };
		DCD28FC429F1823C0050E786 /* MakeWord.swift in Sources */ = {isa = PBXBuildFile; fileRef = DCD28FC329F1823C0050E786 /* MakeWord.swift */; };
		DCEFFE6D2A1D0AFF003EE79E /* RatingView.swift in Sources */ = {isa = PBXBuildFile; fileRef = DCEFFE6C2A1D0AFF003EE79E /* RatingView.swift */; };
/* End PBXBuildFile section */

/* Begin PBXContainerItemProxy section */
		DC83FBD329E998C300EA8BFA /* PBXContainerItemProxy */ = {
			isa = PBXContainerItemProxy;
			containerPortal = DCAA0D6B29E5919400747E9F /* Project object */;
			proxyType = 1;
			remoteGlobalIDString = DCAA0D7229E5919400747E9F;
			remoteInfo = VocabVibes;
		};
/* End PBXContainerItemProxy section */

/* Begin PBXFileReference section */
		DC1CEDD929F2D16200EDAC55 /* DataManager.swift */ = {isa = PBXFileReference; lastKnownFileType = sourcecode.swift; path = DataManager.swift; sourceTree = "<group>"; };
		DC201BFF2A2B627E002117FF /* ComposingWord.swift */ = {isa = PBXFileReference; lastKnownFileType = sourcecode.swift; path = ComposingWord.swift; sourceTree = "<group>"; };
		DC201C012A2B64F0002117FF /* SplittingWord.swift */ = {isa = PBXFileReference; lastKnownFileType = sourcecode.swift; path = SplittingWord.swift; sourceTree = "<group>"; };
		DC201C042A2B6A75002117FF /* CustomButton.swift */ = {isa = PBXFileReference; lastKnownFileType = sourcecode.swift; path = CustomButton.swift; sourceTree = "<group>"; };
		DC201C062A2B6CA8002117FF /* FinishTraining.swift */ = {isa = PBXFileReference; lastKnownFileType = sourcecode.swift; path = FinishTraining.swift; sourceTree = "<group>"; };
		DC201C082A2B8104002117FF /* WarningView.swift */ = {isa = PBXFileReference; lastKnownFileType = sourcecode.swift; path = WarningView.swift; sourceTree = "<group>"; };
		DC201C0A2A2B9052002117FF /* AnswerButtons.swift */ = {isa = PBXFileReference; lastKnownFileType = sourcecode.swift; path = AnswerButtons.swift; sourceTree = "<group>"; };
		DC26991329ED5D6C00EBB591 /* WordRow.swift */ = {isa = PBXFileReference; lastKnownFileType = sourcecode.swift; path = WordRow.swift; sourceTree = "<group>"; };
		DC26991529ED5D7800EBB591 /* WordRowViewModel.swift */ = {isa = PBXFileReference; lastKnownFileType = sourcecode.swift; path = WordRowViewModel.swift; sourceTree = "<group>"; };
		DC31C20B2A34C9C500C183B1 /* VibrationManager.swift */ = {isa = PBXFileReference; lastKnownFileType = sourcecode.swift; path = VibrationManager.swift; sourceTree = "<group>"; };
		DC4C4AF12A0E2C0C000C5377 /* AddNewWordsView.swift */ = {isa = PBXFileReference; lastKnownFileType = sourcecode.swift; path = AddNewWordsView.swift; sourceTree = "<group>"; };
		DC6DB26D2A30B994006D0518 /* SettingsViewModel.swift */ = {isa = PBXFileReference; lastKnownFileType = sourcecode.swift; path = SettingsViewModel.swift; sourceTree = "<group>"; };
		DC7BF2AB29EFEF6A00753C72 /* Training.swift */ = {isa = PBXFileReference; lastKnownFileType = sourcecode.swift; path = Training.swift; sourceTree = "<group>"; };
		DC7BF2AE29EFEFB600753C72 /* TrainingsScreen.swift */ = {isa = PBXFileReference; lastKnownFileType = sourcecode.swift; path = TrainingsScreen.swift; sourceTree = "<group>"; };
		DC7BF2B029EFEFBF00753C72 /* TrainingsScreenViewModel.swift */ = {isa = PBXFileReference; lastKnownFileType = sourcecode.swift; path = TrainingsScreenViewModel.swift; sourceTree = "<group>"; };
		DC7BF2B229EFF42B00753C72 /* PickerView.swift */ = {isa = PBXFileReference; lastKnownFileType = sourcecode.swift; path = PickerView.swift; sourceTree = "<group>"; };
		DC7BF2B629F0213300753C72 /* SwipeCardView.swift */ = {isa = PBXFileReference; lastKnownFileType = sourcecode.swift; path = SwipeCardView.swift; sourceTree = "<group>"; };
		DC7BF2B829F0214700753C72 /* SwipeCardViewModel.swift */ = {isa = PBXFileReference; lastKnownFileType = sourcecode.swift; path = SwipeCardViewModel.swift; sourceTree = "<group>"; };
		DC7BF2BA29F02ED500753C72 /* FlashCardViewModel.swift */ = {isa = PBXFileReference; lastKnownFileType = sourcecode.swift; path = FlashCardViewModel.swift; sourceTree = "<group>"; };
		DC7BF2BC29F02EE000753C72 /* FlashCardView.swift */ = {isa = PBXFileReference; lastKnownFileType = sourcecode.swift; path = FlashCardView.swift; sourceTree = "<group>"; };
		DC8134262A07B1D1006C85EF /* GroupDetail.swift */ = {isa = PBXFileReference; lastKnownFileType = sourcecode.swift; path = GroupDetail.swift; sourceTree = "<group>"; };
		DC8134282A07B62B006C85EF /* GroupDetailViewModel.swift */ = {isa = PBXFileReference; lastKnownFileType = sourcecode.swift; path = GroupDetailViewModel.swift; sourceTree = "<group>"; };
		DC83FBBA29E985D100EA8BFA /* ListOfGroups.swift */ = {isa = PBXFileReference; lastKnownFileType = sourcecode.swift; path = ListOfGroups.swift; sourceTree = "<group>"; };
		DC83FBBC29E985F600EA8BFA /* ListOfGroupsViewModel.swift */ = {isa = PBXFileReference; lastKnownFileType = sourcecode.swift; path = ListOfGroupsViewModel.swift; sourceTree = "<group>"; };
		DC83FBBF29E9883100EA8BFA /* BackgroundView.swift */ = {isa = PBXFileReference; fileEncoding = 4; lastKnownFileType = sourcecode.swift; path = BackgroundView.swift; sourceTree = "<group>"; };
		DC83FBC229E9887200EA8BFA /* Color + Extension.swift */ = {isa = PBXFileReference; fileEncoding = 4; lastKnownFileType = sourcecode.swift; path = "Color + Extension.swift"; sourceTree = "<group>"; };
		DC83FBC429E98AA100EA8BFA /* View + Extantion.swift */ = {isa = PBXFileReference; fileEncoding = 4; lastKnownFileType = sourcecode.swift; path = "View + Extantion.swift"; sourceTree = "<group>"; };
		DC83FBC629E9914F00EA8BFA /* GroupRow.swift */ = {isa = PBXFileReference; lastKnownFileType = sourcecode.swift; path = GroupRow.swift; sourceTree = "<group>"; };
		DC83FBC829E9916400EA8BFA /* GroupRowViewModel.swift */ = {isa = PBXFileReference; lastKnownFileType = sourcecode.swift; path = GroupRowViewModel.swift; sourceTree = "<group>"; };
		DC83FBCA29E995D400EA8BFA /* Info.plist */ = {isa = PBXFileReference; lastKnownFileType = text.plist; path = Info.plist; sourceTree = "<group>"; };
		DC83FBCF29E998C300EA8BFA /* VocabVibesTests.xctest */ = {isa = PBXFileReference; explicitFileType = wrapper.cfbundle; includeInIndex = 0; path = VocabVibesTests.xctest; sourceTree = BUILT_PRODUCTS_DIR; };
		DC9993472A1A58C9002E0432 /* StorageManager.swift */ = {isa = PBXFileReference; lastKnownFileType = sourcecode.swift; path = StorageManager.swift; sourceTree = "<group>"; };
		DC9BC6642A3747B9004EA037 /* String + Extension.swift */ = {isa = PBXFileReference; lastKnownFileType = sourcecode.swift; path = "String + Extension.swift"; sourceTree = "<group>"; };
		DC9BC66B2A3748D3004EA037 /* en */ = {isa = PBXFileReference; lastKnownFileType = text.plist.strings; name = en; path = en.lproj/Localizable.strings; sourceTree = "<group>"; };
		DC9BC66D2A37541C004EA037 /* uk */ = {isa = PBXFileReference; lastKnownFileType = text.plist.strings; name = uk; path = uk.lproj/Localizable.strings; sourceTree = "<group>"; };
		DC9BC66E2A375A97004EA037 /* cs */ = {isa = PBXFileReference; lastKnownFileType = text.plist.strings; name = cs; path = cs.lproj/Localizable.strings; sourceTree = "<group>"; };
		DC9BC66F2A375B9C004EA037 /* de */ = {isa = PBXFileReference; lastKnownFileType = text.plist.strings; name = de; path = de.lproj/Localizable.strings; sourceTree = "<group>"; };
		DC9BC6702A375BCF004EA037 /* pl */ = {isa = PBXFileReference; lastKnownFileType = text.plist.strings; name = pl; path = pl.lproj/Localizable.strings; sourceTree = "<group>"; };
		DC9BC6712A375BFF004EA037 /* it */ = {isa = PBXFileReference; lastKnownFileType = text.plist.strings; name = it; path = it.lproj/Localizable.strings; sourceTree = "<group>"; };
		DC9BC6722A375C92004EA037 /* es */ = {isa = PBXFileReference; lastKnownFileType = text.plist.strings; name = es; path = es.lproj/Localizable.strings; sourceTree = "<group>"; };
		DC9BC6732A375D16004EA037 /* fr */ = {isa = PBXFileReference; lastKnownFileType = text.plist.strings; name = fr; path = fr.lproj/Localizable.strings; sourceTree = "<group>"; };
		DCAA0D7329E5919400747E9F /* VocabVibes.app */ = {isa = PBXFileReference; explicitFileType = wrapper.application; includeInIndex = 0; path = VocabVibes.app; sourceTree = BUILT_PRODUCTS_DIR; };
		DCAA0D7629E5919400747E9F /* VocabVibesApp.swift */ = {isa = PBXFileReference; lastKnownFileType = sourcecode.swift; path = VocabVibesApp.swift; sourceTree = "<group>"; };
		DCAA0D7A29E5919500747E9F /* Assets.xcassets */ = {isa = PBXFileReference; lastKnownFileType = folder.assetcatalog; path = Assets.xcassets; sourceTree = "<group>"; };
		DCAA0D7D29E5919500747E9F /* Preview Assets.xcassets */ = {isa = PBXFileReference; lastKnownFileType = folder.assetcatalog; path = "Preview Assets.xcassets"; sourceTree = "<group>"; };
		DCAA0D8529E591CA00747E9F /* WordGroup.swift */ = {isa = PBXFileReference; lastKnownFileType = sourcecode.swift; path = WordGroup.swift; sourceTree = "<group>"; };
		DCB509972A15228800908EAF /* AllWordsViewModel.swift */ = {isa = PBXFileReference; lastKnownFileType = sourcecode.swift; path = AllWordsViewModel.swift; sourceTree = "<group>"; };
		DCC1AA0629F1BCFC00718739 /* SettingsView.swift */ = {isa = PBXFileReference; lastKnownFileType = sourcecode.swift; path = SettingsView.swift; sourceTree = "<group>"; };
		DCC1AA0829F1BD2200718739 /* AllWordsView.swift */ = {isa = PBXFileReference; lastKnownFileType = sourcecode.swift; path = AllWordsView.swift; sourceTree = "<group>"; };
		DCC1AA0A29F1BD4600718739 /* MainView.swift */ = {isa = PBXFileReference; lastKnownFileType = sourcecode.swift; path = MainView.swift; sourceTree = "<group>"; };
		DCC1AA0C29F1BD9400718739 /* TabMainView.swift */ = {isa = PBXFileReference; lastKnownFileType = sourcecode.swift; path = TabMainView.swift; sourceTree = "<group>"; };
		DCD28FB329F175590050E786 /* CardView.swift */ = {isa = PBXFileReference; lastKnownFileType = sourcecode.swift; path = CardView.swift; sourceTree = "<group>"; };
		DCD28FB529F175650050E786 /* CardViewModel.swift */ = {isa = PBXFileReference; lastKnownFileType = sourcecode.swift; path = CardViewModel.swift; sourceTree = "<group>"; };
		DCD28FB729F177DE0050E786 /* WriteWord.swift */ = {isa = PBXFileReference; lastKnownFileType = sourcecode.swift; path = WriteWord.swift; sourceTree = "<group>"; };
		DCD28FB929F177EC0050E786 /* WriteWordViewModel.swift */ = {isa = PBXFileReference; lastKnownFileType = sourcecode.swift; path = WriteWordViewModel.swift; sourceTree = "<group>"; };
		DCD28FBC29F17F170050E786 /* ChooseWord.swift */ = {isa = PBXFileReference; lastKnownFileType = sourcecode.swift; path = ChooseWord.swift; sourceTree = "<group>"; };
		DCD28FBE29F17F1F0050E786 /* ChooseWordViewModel.swift */ = {isa = PBXFileReference; lastKnownFileType = sourcecode.swift; path = ChooseWordViewModel.swift; sourceTree = "<group>"; };
		DCD28FC129F182370050E786 /* MakeWordViewModel.swift */ = {isa = PBXFileReference; lastKnownFileType = sourcecode.swift; path = MakeWordViewModel.swift; sourceTree = "<group>"; };
		DCD28FC329F1823C0050E786 /* MakeWord.swift */ = {isa = PBXFileReference; lastKnownFileType = sourcecode.swift; path = MakeWord.swift; sourceTree = "<group>"; };
		DCEFFE6C2A1D0AFF003EE79E /* RatingView.swift */ = {isa = PBXFileReference; lastKnownFileType = sourcecode.swift; path = RatingView.swift; sourceTree = "<group>"; };
/* End PBXFileReference section */

/* Begin PBXFrameworksBuildPhase section */
		DC83FBCC29E998C300EA8BFA /* Frameworks */ = {
			isa = PBXFrameworksBuildPhase;
			buildActionMask = 2147483647;
			files = (
			);
			runOnlyForDeploymentPostprocessing = 0;
		};
		DCAA0D7029E5919400747E9F /* Frameworks */ = {
			isa = PBXFrameworksBuildPhase;
			buildActionMask = 2147483647;
			files = (
				DC19DE912A3722A9005199F4 /* RealmSwift in Frameworks */,
				DC19DE8F2A3722A9005199F4 /* Realm in Frameworks */,
			);
			runOnlyForDeploymentPostprocessing = 0;
		};
/* End PBXFrameworksBuildPhase section */

/* Begin PBXGroup section */
		DC1CEDD529F2CCEF00EDAC55 /* Card */ = {
			isa = PBXGroup;
			children = (
				DCD28FB329F175590050E786 /* CardView.swift */,
				DCD28FB529F175650050E786 /* CardViewModel.swift */,
			);
			path = Card;
			sourceTree = "<group>";
		};
		DC1CEDD829F2D15100EDAC55 /* Services */ = {
			isa = PBXGroup;
			children = (
				DC1CEDD929F2D16200EDAC55 /* DataManager.swift */,
				DC9993472A1A58C9002E0432 /* StorageManager.swift */,
				DC31C20B2A34C9C500C183B1 /* VibrationManager.swift */,
			);
			path = Services;
			sourceTree = "<group>";
		};
		DC201BFE2A2B626F002117FF /* CompanionViews */ = {
			isa = PBXGroup;
			children = (
				DC201BFF2A2B627E002117FF /* ComposingWord.swift */,
				DC201C012A2B64F0002117FF /* SplittingWord.swift */,
			);
			path = CompanionViews;
			sourceTree = "<group>";
		};
		DC201C032A2B69C8002117FF /* CommonViews */ = {
			isa = PBXGroup;
			children = (
				DC1CEDD529F2CCEF00EDAC55 /* Card */,
				DC201C042A2B6A75002117FF /* CustomButton.swift */,
				DC201C062A2B6CA8002117FF /* FinishTraining.swift */,
				DC201C082A2B8104002117FF /* WarningView.swift */,
				DC83FBBF29E9883100EA8BFA /* BackgroundView.swift */,
			);
			path = CommonViews;
			sourceTree = "<group>";
		};
		DC201C0C2A2B922C002117FF /* CompanionViews */ = {
			isa = PBXGroup;
			children = (
				DC201C0A2A2B9052002117FF /* AnswerButtons.swift */,
			);
			path = CompanionViews;
			sourceTree = "<group>";
		};
		DC6DB2682A30852B006D0518 /* CompanionViews */ = {
			isa = PBXGroup;
			children = (
				DC4C4AF12A0E2C0C000C5377 /* AddNewWordsView.swift */,
				DCEFFE6C2A1D0AFF003EE79E /* RatingView.swift */,
				DC6DB2692A308551006D0518 /* WordView */,
			);
			path = CompanionViews;
			sourceTree = "<group>";
		};
		DC6DB2692A308551006D0518 /* WordView */ = {
			isa = PBXGroup;
			children = (
				DC26991329ED5D6C00EBB591 /* WordRow.swift */,
				DC26991529ED5D7800EBB591 /* WordRowViewModel.swift */,
			);
			path = WordView;
			sourceTree = "<group>";
		};
		DC6DB26A2A309604006D0518 /* GroupRowView */ = {
			isa = PBXGroup;
			children = (
				DC83FBC629E9914F00EA8BFA /* GroupRow.swift */,
				DC83FBC829E9916400EA8BFA /* GroupRowViewModel.swift */,
			);
			path = GroupRowView;
			sourceTree = "<group>";
		};
		DC6DB26B2A3099DC006D0518 /* CompanionViews */ = {
			isa = PBXGroup;
			children = (
				DC7BF2B229EFF42B00753C72 /* PickerView.swift */,
			);
			path = CompanionViews;
			sourceTree = "<group>";
		};
		DC6DB26C2A309A02006D0518 /* CardView */ = {
			isa = PBXGroup;
			children = (
				DC7BF2B629F0213300753C72 /* SwipeCardView.swift */,
				DC7BF2B829F0214700753C72 /* SwipeCardViewModel.swift */,
			);
			path = CardView;
			sourceTree = "<group>";
		};
		DC7BF2AD29EFEF9800753C72 /* Trainings */ = {
			isa = PBXGroup;
			children = (
				DC201C032A2B69C8002117FF /* CommonViews */,
				DCD28FC029F181D60050E786 /* MakeWord */,
				DCD28FBB29F17F020050E786 /* ChooseWord */,
				DCD28FB229F175170050E786 /* WriteWord */,
				DC7BF2B529F0211700753C72 /* FlashCard */,
				DC7BF2B429F01E7400753C72 /* TrainingsScreen */,
			);
			path = Trainings;
			sourceTree = "<group>";
		};
		DC7BF2B429F01E7400753C72 /* TrainingsScreen */ = {
			isa = PBXGroup;
			children = (
				DC7BF2AE29EFEFB600753C72 /* TrainingsScreen.swift */,
				DC7BF2B029EFEFBF00753C72 /* TrainingsScreenViewModel.swift */,
				DC6DB26B2A3099DC006D0518 /* CompanionViews */,
			);
			path = TrainingsScreen;
			sourceTree = "<group>";
		};
		DC7BF2B529F0211700753C72 /* FlashCard */ = {
			isa = PBXGroup;
			children = (
				DC6DB26C2A309A02006D0518 /* CardView */,
				DC7BF2BC29F02EE000753C72 /* FlashCardView.swift */,
				DC7BF2BA29F02ED500753C72 /* FlashCardViewModel.swift */,
			);
			path = FlashCard;
			sourceTree = "<group>";
		};
		DC83FBC129E9884400EA8BFA /* Extensions */ = {
			isa = PBXGroup;
			children = (
				DC83FBC429E98AA100EA8BFA /* View + Extantion.swift */,
				DC83FBC229E9887200EA8BFA /* Color + Extension.swift */,
				DC9BC6642A3747B9004EA037 /* String + Extension.swift */,
			);
			path = Extensions;
			sourceTree = "<group>";
		};
		DC83FBD929E99FEB00EA8BFA /* Frameworks */ = {
			isa = PBXGroup;
			children = (
			);
			name = Frameworks;
			sourceTree = "<group>";
		};
		DCAA0D6A29E5919400747E9F = {
			isa = PBXGroup;
			children = (
				DCAA0D7529E5919400747E9F /* VocabVibes */,
				DCAA0D7429E5919400747E9F /* Products */,
				DC83FBD929E99FEB00EA8BFA /* Frameworks */,
			);
			sourceTree = "<group>";
		};
		DCAA0D7429E5919400747E9F /* Products */ = {
			isa = PBXGroup;
			children = (
				DCAA0D7329E5919400747E9F /* VocabVibes.app */,
				DC83FBCF29E998C300EA8BFA /* VocabVibesTests.xctest */,
			);
			name = Products;
			sourceTree = "<group>";
		};
		DCAA0D7529E5919400747E9F /* VocabVibes */ = {
			isa = PBXGroup;
			children = (
				DCAA0D7629E5919400747E9F /* VocabVibesApp.swift */,
				DCC1AA0229F1BC8100718739 /* TabViewScreens */,
				DC7BF2AD29EFEF9800753C72 /* Trainings */,
				DCAA0D9E29E5991100747E9F /* GroupDetail */,
				DCAA0D9729E5953500747E9F /* ListOfGroups */,
				DCAA0D8429E591A800747E9F /* Models */,
				DC83FBC129E9884400EA8BFA /* Extensions */,
				DC1CEDD829F2D15100EDAC55 /* Services */,
				DCAA0D7A29E5919500747E9F /* Assets.xcassets */,
				DC9BC66C2A3748D3004EA037 /* Localizable.strings */,
				DC83FBCA29E995D400EA8BFA /* Info.plist */,
				DCAA0D7C29E5919500747E9F /* Preview Content */,
			);
			path = VocabVibes;
			sourceTree = "<group>";
		};
		DCAA0D7C29E5919500747E9F /* Preview Content */ = {
			isa = PBXGroup;
			children = (
				DCAA0D7D29E5919500747E9F /* Preview Assets.xcassets */,
			);
			path = "Preview Content";
			sourceTree = "<group>";
		};
		DCAA0D8429E591A800747E9F /* Models */ = {
			isa = PBXGroup;
			children = (
				DCAA0D8529E591CA00747E9F /* WordGroup.swift */,
				DC7BF2AB29EFEF6A00753C72 /* Training.swift */,
			);
			path = Models;
			sourceTree = "<group>";
		};
		DCAA0D9729E5953500747E9F /* ListOfGroups */ = {
			isa = PBXGroup;
			children = (
				DC83FBBA29E985D100EA8BFA /* ListOfGroups.swift */,
				DC83FBBC29E985F600EA8BFA /* ListOfGroupsViewModel.swift */,
				DC6DB26A2A309604006D0518 /* GroupRowView */,
			);
			path = ListOfGroups;
			sourceTree = "<group>";
		};
		DCAA0D9E29E5991100747E9F /* GroupDetail */ = {
			isa = PBXGroup;
			children = (
				DC8134262A07B1D1006C85EF /* GroupDetail.swift */,
				DC8134282A07B62B006C85EF /* GroupDetailViewModel.swift */,
				DC6DB2682A30852B006D0518 /* CompanionViews */,
			);
			path = GroupDetail;
			sourceTree = "<group>";
		};
		DCC1AA0229F1BC8100718739 /* TabViewScreens */ = {
			isa = PBXGroup;
			children = (
				DCC1AA0C29F1BD9400718739 /* TabMainView.swift */,
				DCC1AA0329F1BCB100718739 /* MainView */,
				DCC1AA0529F1BCCA00718739 /* AllWordsView */,
				DCC1AA0429F1BCBB00718739 /* SettingsView */,
			);
			path = TabViewScreens;
			sourceTree = "<group>";
		};
		DCC1AA0329F1BCB100718739 /* MainView */ = {
			isa = PBXGroup;
			children = (
				DCC1AA0A29F1BD4600718739 /* MainView.swift */,
			);
			path = MainView;
			sourceTree = "<group>";
		};
		DCC1AA0429F1BCBB00718739 /* SettingsView */ = {
			isa = PBXGroup;
			children = (
				DCC1AA0629F1BCFC00718739 /* SettingsView.swift */,
				DC6DB26D2A30B994006D0518 /* SettingsViewModel.swift */,
			);
			path = SettingsView;
			sourceTree = "<group>";
		};
		DCC1AA0529F1BCCA00718739 /* AllWordsView */ = {
			isa = PBXGroup;
			children = (
				DCC1AA0829F1BD2200718739 /* AllWordsView.swift */,
				DCB509972A15228800908EAF /* AllWordsViewModel.swift */,
			);
			path = AllWordsView;
			sourceTree = "<group>";
		};
		DCD28FB229F175170050E786 /* WriteWord */ = {
			isa = PBXGroup;
			children = (
				DCD28FB729F177DE0050E786 /* WriteWord.swift */,
				DCD28FB929F177EC0050E786 /* WriteWordViewModel.swift */,
			);
			path = WriteWord;
			sourceTree = "<group>";
		};
		DCD28FBB29F17F020050E786 /* ChooseWord */ = {
			isa = PBXGroup;
			children = (
				DCD28FBC29F17F170050E786 /* ChooseWord.swift */,
				DCD28FBE29F17F1F0050E786 /* ChooseWordViewModel.swift */,
				DC201C0C2A2B922C002117FF /* CompanionViews */,
			);
			path = ChooseWord;
			sourceTree = "<group>";
		};
		DCD28FC029F181D60050E786 /* MakeWord */ = {
			isa = PBXGroup;
			children = (
				DCD28FC329F1823C0050E786 /* MakeWord.swift */,
				DCD28FC129F182370050E786 /* MakeWordViewModel.swift */,
				DC201BFE2A2B626F002117FF /* CompanionViews */,
			);
			path = MakeWord;
			sourceTree = "<group>";
		};
/* End PBXGroup section */

/* Begin PBXNativeTarget section */
		DC83FBCE29E998C300EA8BFA /* VocabVibesTests */ = {
			isa = PBXNativeTarget;
			buildConfigurationList = DC83FBD529E998C300EA8BFA /* Build configuration list for PBXNativeTarget "VocabVibesTests" */;
			buildPhases = (
				DC83FBCB29E998C300EA8BFA /* Sources */,
				DC83FBCC29E998C300EA8BFA /* Frameworks */,
				DC83FBCD29E998C300EA8BFA /* Resources */,
			);
			buildRules = (
			);
			dependencies = (
				DC83FBD429E998C300EA8BFA /* PBXTargetDependency */,
			);
			name = VocabVibesTests;
			packageProductDependencies = (
			);
			productName = VocabVibesTests;
			productReference = DC83FBCF29E998C300EA8BFA /* VocabVibesTests.xctest */;
			productType = "com.apple.product-type.bundle.unit-test";
		};
		DCAA0D7229E5919400747E9F /* VocabVibes */ = {
			isa = PBXNativeTarget;
			buildConfigurationList = DCAA0D8129E5919500747E9F /* Build configuration list for PBXNativeTarget "VocabVibes" */;
			buildPhases = (
				DCAA0D6F29E5919400747E9F /* Sources */,
				DCAA0D7029E5919400747E9F /* Frameworks */,
				DCAA0D7129E5919400747E9F /* Resources */,
			);
			buildRules = (
			);
			dependencies = (
			);
			name = VocabVibes;
			packageProductDependencies = (
				DC19DE8E2A3722A9005199F4 /* Realm */,
				DC19DE902A3722A9005199F4 /* RealmSwift */,
			);
			productName = VocabVibes;
			productReference = DCAA0D7329E5919400747E9F /* VocabVibes.app */;
			productType = "com.apple.product-type.application";
		};
/* End PBXNativeTarget section */

/* Begin PBXProject section */
		DCAA0D6B29E5919400747E9F /* Project object */ = {
			isa = PBXProject;
			attributes = {
				BuildIndependentTargetsInParallel = 1;
				LastSwiftUpdateCheck = 1420;
				LastUpgradeCheck = 1420;
				TargetAttributes = {
					DC83FBCE29E998C300EA8BFA = {
						CreatedOnToolsVersion = 14.2;
						TestTargetID = DCAA0D7229E5919400747E9F;
					};
					DCAA0D7229E5919400747E9F = {
						CreatedOnToolsVersion = 14.2;
					};
				};
			};
			buildConfigurationList = DCAA0D6E29E5919400747E9F /* Build configuration list for PBXProject "VocabVibes" */;
			compatibilityVersion = "Xcode 14.0";
			developmentRegion = en;
			hasScannedForEncodings = 0;
			knownRegions = (
				en,
				Base,
				uk,
				cs,
				de,
				pl,
				it,
				es,
				fr,
			);
			mainGroup = DCAA0D6A29E5919400747E9F;
			packageReferences = (
				DC19DE8D2A3722A9005199F4 /* XCRemoteSwiftPackageReference "realm-swift" */,
			);
			productRefGroup = DCAA0D7429E5919400747E9F /* Products */;
			projectDirPath = "";
			projectRoot = "";
			targets = (
				DCAA0D7229E5919400747E9F /* VocabVibes */,
				DC83FBCE29E998C300EA8BFA /* VocabVibesTests */,
			);
		};
/* End PBXProject section */

/* Begin PBXResourcesBuildPhase section */
		DC83FBCD29E998C300EA8BFA /* Resources */ = {
			isa = PBXResourcesBuildPhase;
			buildActionMask = 2147483647;
			files = (
			);
			runOnlyForDeploymentPostprocessing = 0;
		};
		DCAA0D7129E5919400747E9F /* Resources */ = {
			isa = PBXResourcesBuildPhase;
			buildActionMask = 2147483647;
			files = (
				DCAA0D7E29E5919500747E9F /* Preview Assets.xcassets in Resources */,
				DC9BC66A2A3748D3004EA037 /* Localizable.strings in Resources */,
				DCAA0D7B29E5919500747E9F /* Assets.xcassets in Resources */,
			);
			runOnlyForDeploymentPostprocessing = 0;
		};
/* End PBXResourcesBuildPhase section */

/* Begin PBXSourcesBuildPhase section */
		DC83FBCB29E998C300EA8BFA /* Sources */ = {
			isa = PBXSourcesBuildPhase;
			buildActionMask = 2147483647;
			files = (
				DC83FBDE29E9A01F00EA8BFA /* WordGroup.swift in Sources */,
				DC83FBD829E9998000EA8BFA /* ListOfGroupsViewModel.swift in Sources */,
			);
			runOnlyForDeploymentPostprocessing = 0;
		};
		DCAA0D6F29E5919400747E9F /* Sources */ = {
			isa = PBXSourcesBuildPhase;
			buildActionMask = 2147483647;
			files = (
				DCD28FBD29F17F170050E786 /* ChooseWord.swift in Sources */,
				DC8134272A07B1D1006C85EF /* GroupDetail.swift in Sources */,
				DC201C0B2A2B9052002117FF /* AnswerButtons.swift in Sources */,
				DCD28FB829F177DE0050E786 /* WriteWord.swift in Sources */,
				DC83FBC029E9883100EA8BFA /* BackgroundView.swift in Sources */,
				DC83FBC929E9916400EA8BFA /* GroupRowViewModel.swift in Sources */,
				DC7BF2AF29EFEFB600753C72 /* TrainingsScreen.swift in Sources */,
				DC201C072A2B6CA8002117FF /* FinishTraining.swift in Sources */,
				DC31C20C2A34C9C500C183B1 /* VibrationManager.swift in Sources */,
				DC26991629ED5D7800EBB591 /* WordRowViewModel.swift in Sources */,
				DC7BF2B929F0214700753C72 /* SwipeCardViewModel.swift in Sources */,
				DC83FBBB29E985D100EA8BFA /* ListOfGroups.swift in Sources */,
				DC9993482A1A58C9002E0432 /* StorageManager.swift in Sources */,
				DC7BF2AC29EFEF6A00753C72 /* Training.swift in Sources */,
				DC83FBC529E98AA100EA8BFA /* View + Extantion.swift in Sources */,
				DCC1AA0B29F1BD4600718739 /* MainView.swift in Sources */,
				DCD28FB429F175590050E786 /* CardView.swift in Sources */,
				DCAA0D8629E591CA00747E9F /* WordGroup.swift in Sources */,
				DCD28FC429F1823C0050E786 /* MakeWord.swift in Sources */,
				DCD28FBF29F17F1F0050E786 /* ChooseWordViewModel.swift in Sources */,
				DCAA0D7729E5919400747E9F /* VocabVibesApp.swift in Sources */,
				DC201C052A2B6A75002117FF /* CustomButton.swift in Sources */,
				DC7BF2BB29F02ED500753C72 /* FlashCardViewModel.swift in Sources */,
				DC8134292A07B62B006C85EF /* GroupDetailViewModel.swift in Sources */,
				DCC1AA0D29F1BD9400718739 /* TabMainView.swift in Sources */,
				DC7BF2B329EFF42B00753C72 /* PickerView.swift in Sources */,
				DCD28FBA29F177EC0050E786 /* WriteWordViewModel.swift in Sources */,
				DC83FBBD29E985F600EA8BFA /* ListOfGroupsViewModel.swift in Sources */,
				DC201C022A2B64F0002117FF /* SplittingWord.swift in Sources */,
				DC7BF2BD29F02EE000753C72 /* FlashCardView.swift in Sources */,
				DC1CEDDA29F2D16200EDAC55 /* DataManager.swift in Sources */,
				DC201C002A2B627E002117FF /* ComposingWord.swift in Sources */,
				DCC1AA0929F1BD2200718739 /* AllWordsView.swift in Sources */,
				DC26991429ED5D6C00EBB591 /* WordRow.swift in Sources */,
				DCEFFE6D2A1D0AFF003EE79E /* RatingView.swift in Sources */,
				DC7BF2B729F0213300753C72 /* SwipeCardView.swift in Sources */,
				DC6DB26E2A30B994006D0518 /* SettingsViewModel.swift in Sources */,
				DC83FBC729E9914F00EA8BFA /* GroupRow.swift in Sources */,
				DCC1AA0729F1BCFC00718739 /* SettingsView.swift in Sources */,
				DC7BF2B129EFEFBF00753C72 /* TrainingsScreenViewModel.swift in Sources */,
				DCD28FB629F175650050E786 /* CardViewModel.swift in Sources */,
				DC9BC6652A3747B9004EA037 /* String + Extension.swift in Sources */,
				DC4C4AF22A0E2C0C000C5377 /* AddNewWordsView.swift in Sources */,
				DC83FBC329E9887200EA8BFA /* Color + Extension.swift in Sources */,
				DCB509982A15228800908EAF /* AllWordsViewModel.swift in Sources */,
				DCD28FC229F182370050E786 /* MakeWordViewModel.swift in Sources */,
				DC201C092A2B8104002117FF /* WarningView.swift in Sources */,
			);
			runOnlyForDeploymentPostprocessing = 0;
		};
/* End PBXSourcesBuildPhase section */

/* Begin PBXTargetDependency section */
		DC83FBD429E998C300EA8BFA /* PBXTargetDependency */ = {
			isa = PBXTargetDependency;
			target = DCAA0D7229E5919400747E9F /* VocabVibes */;
			targetProxy = DC83FBD329E998C300EA8BFA /* PBXContainerItemProxy */;
		};
/* End PBXTargetDependency section */

/* Begin PBXVariantGroup section */
		DC9BC66C2A3748D3004EA037 /* Localizable.strings */ = {
			isa = PBXVariantGroup;
			children = (
				DC9BC66B2A3748D3004EA037 /* en */,
				DC9BC66D2A37541C004EA037 /* uk */,
				DC9BC66E2A375A97004EA037 /* cs */,
				DC9BC66F2A375B9C004EA037 /* de */,
				DC9BC6702A375BCF004EA037 /* pl */,
				DC9BC6712A375BFF004EA037 /* it */,
				DC9BC6722A375C92004EA037 /* es */,
				DC9BC6732A375D16004EA037 /* fr */,
			);
			name = Localizable.strings;
			sourceTree = "<group>";
		};
/* End PBXVariantGroup section */

/* Begin XCBuildConfiguration section */
		DC83FBD629E998C300EA8BFA /* Debug */ = {
			isa = XCBuildConfiguration;
			buildSettings = {
				BUNDLE_LOADER = "$(TEST_HOST)";
				CODE_SIGN_STYLE = Automatic;
				CURRENT_PROJECT_VERSION = 1;
				DEVELOPMENT_TEAM = 5KN7899368;
				GENERATE_INFOPLIST_FILE = YES;
				MARKETING_VERSION = 1.0;
				PRODUCT_BUNDLE_IDENTIFIER = klimenko.VocabVibesTests;
				PRODUCT_NAME = "$(TARGET_NAME)";
				SWIFT_EMIT_LOC_STRINGS = NO;
				SWIFT_VERSION = 5.0;
				TARGETED_DEVICE_FAMILY = "1,2";
				TEST_HOST = "$(BUILT_PRODUCTS_DIR)/VocabVibes.app/$(BUNDLE_EXECUTABLE_FOLDER_PATH)/VocabVibes";
			};
			name = Debug;
		};
		DC83FBD729E998C300EA8BFA /* Release */ = {
			isa = XCBuildConfiguration;
			buildSettings = {
				BUNDLE_LOADER = "$(TEST_HOST)";
				CODE_SIGN_STYLE = Automatic;
				CURRENT_PROJECT_VERSION = 1;
				DEVELOPMENT_TEAM = 5KN7899368;
				GENERATE_INFOPLIST_FILE = YES;
				MARKETING_VERSION = 1.0;
				PRODUCT_BUNDLE_IDENTIFIER = klimenko.VocabVibesTests;
				PRODUCT_NAME = "$(TARGET_NAME)";
				SWIFT_EMIT_LOC_STRINGS = NO;
				SWIFT_VERSION = 5.0;
				TARGETED_DEVICE_FAMILY = "1,2";
				TEST_HOST = "$(BUILT_PRODUCTS_DIR)/VocabVibes.app/$(BUNDLE_EXECUTABLE_FOLDER_PATH)/VocabVibes";
			};
			name = Release;
		};
		DCAA0D7F29E5919500747E9F /* Debug */ = {
			isa = XCBuildConfiguration;
			buildSettings = {
				ALWAYS_SEARCH_USER_PATHS = NO;
				CLANG_ANALYZER_LOCALIZABILITY_NONLOCALIZED = YES;
				CLANG_ANALYZER_NONNULL = YES;
				CLANG_ANALYZER_NUMBER_OBJECT_CONVERSION = YES_AGGRESSIVE;
				CLANG_CXX_LANGUAGE_STANDARD = "gnu++20";
				CLANG_ENABLE_MODULES = YES;
				CLANG_ENABLE_OBJC_ARC = YES;
				CLANG_ENABLE_OBJC_WEAK = YES;
				CLANG_WARN_BLOCK_CAPTURE_AUTORELEASING = YES;
				CLANG_WARN_BOOL_CONVERSION = YES;
				CLANG_WARN_COMMA = YES;
				CLANG_WARN_CONSTANT_CONVERSION = YES;
				CLANG_WARN_DEPRECATED_OBJC_IMPLEMENTATIONS = YES;
				CLANG_WARN_DIRECT_OBJC_ISA_USAGE = YES_ERROR;
				CLANG_WARN_DOCUMENTATION_COMMENTS = YES;
				CLANG_WARN_EMPTY_BODY = YES;
				CLANG_WARN_ENUM_CONVERSION = YES;
				CLANG_WARN_INFINITE_RECURSION = YES;
				CLANG_WARN_INT_CONVERSION = YES;
				CLANG_WARN_NON_LITERAL_NULL_CONVERSION = YES;
				CLANG_WARN_OBJC_IMPLICIT_RETAIN_SELF = YES;
				CLANG_WARN_OBJC_LITERAL_CONVERSION = YES;
				CLANG_WARN_OBJC_ROOT_CLASS = YES_ERROR;
				CLANG_WARN_QUOTED_INCLUDE_IN_FRAMEWORK_HEADER = YES;
				CLANG_WARN_RANGE_LOOP_ANALYSIS = YES;
				CLANG_WARN_STRICT_PROTOTYPES = YES;
				CLANG_WARN_SUSPICIOUS_MOVE = YES;
				CLANG_WARN_UNGUARDED_AVAILABILITY = YES_AGGRESSIVE;
				CLANG_WARN_UNREACHABLE_CODE = YES;
				CLANG_WARN__DUPLICATE_METHOD_MATCH = YES;
				COPY_PHASE_STRIP = NO;
				DEBUG_INFORMATION_FORMAT = dwarf;
				ENABLE_STRICT_OBJC_MSGSEND = YES;
				ENABLE_TESTABILITY = YES;
				GCC_C_LANGUAGE_STANDARD = gnu11;
				GCC_DYNAMIC_NO_PIC = NO;
				GCC_NO_COMMON_BLOCKS = YES;
				GCC_OPTIMIZATION_LEVEL = 0;
				GCC_PREPROCESSOR_DEFINITIONS = (
					"DEBUG=1",
					"$(inherited)",
				);
				GCC_WARN_64_TO_32_BIT_CONVERSION = YES;
				GCC_WARN_ABOUT_RETURN_TYPE = YES_ERROR;
				GCC_WARN_UNDECLARED_SELECTOR = YES;
				GCC_WARN_UNINITIALIZED_AUTOS = YES_AGGRESSIVE;
				GCC_WARN_UNUSED_FUNCTION = YES;
				GCC_WARN_UNUSED_VARIABLE = YES;
				IPHONEOS_DEPLOYMENT_TARGET = 16.0;
				MTL_ENABLE_DEBUG_INFO = INCLUDE_SOURCE;
				MTL_FAST_MATH = YES;
				ONLY_ACTIVE_ARCH = YES;
				SDKROOT = iphoneos;
				SWIFT_ACTIVE_COMPILATION_CONDITIONS = DEBUG;
				SWIFT_OPTIMIZATION_LEVEL = "-Onone";
			};
			name = Debug;
		};
		DCAA0D8029E5919500747E9F /* Release */ = {
			isa = XCBuildConfiguration;
			buildSettings = {
				ALWAYS_SEARCH_USER_PATHS = NO;
				CLANG_ANALYZER_LOCALIZABILITY_NONLOCALIZED = YES;
				CLANG_ANALYZER_NONNULL = YES;
				CLANG_ANALYZER_NUMBER_OBJECT_CONVERSION = YES_AGGRESSIVE;
				CLANG_CXX_LANGUAGE_STANDARD = "gnu++20";
				CLANG_ENABLE_MODULES = YES;
				CLANG_ENABLE_OBJC_ARC = YES;
				CLANG_ENABLE_OBJC_WEAK = YES;
				CLANG_WARN_BLOCK_CAPTURE_AUTORELEASING = YES;
				CLANG_WARN_BOOL_CONVERSION = YES;
				CLANG_WARN_COMMA = YES;
				CLANG_WARN_CONSTANT_CONVERSION = YES;
				CLANG_WARN_DEPRECATED_OBJC_IMPLEMENTATIONS = YES;
				CLANG_WARN_DIRECT_OBJC_ISA_USAGE = YES_ERROR;
				CLANG_WARN_DOCUMENTATION_COMMENTS = YES;
				CLANG_WARN_EMPTY_BODY = YES;
				CLANG_WARN_ENUM_CONVERSION = YES;
				CLANG_WARN_INFINITE_RECURSION = YES;
				CLANG_WARN_INT_CONVERSION = YES;
				CLANG_WARN_NON_LITERAL_NULL_CONVERSION = YES;
				CLANG_WARN_OBJC_IMPLICIT_RETAIN_SELF = YES;
				CLANG_WARN_OBJC_LITERAL_CONVERSION = YES;
				CLANG_WARN_OBJC_ROOT_CLASS = YES_ERROR;
				CLANG_WARN_QUOTED_INCLUDE_IN_FRAMEWORK_HEADER = YES;
				CLANG_WARN_RANGE_LOOP_ANALYSIS = YES;
				CLANG_WARN_STRICT_PROTOTYPES = YES;
				CLANG_WARN_SUSPICIOUS_MOVE = YES;
				CLANG_WARN_UNGUARDED_AVAILABILITY = YES_AGGRESSIVE;
				CLANG_WARN_UNREACHABLE_CODE = YES;
				CLANG_WARN__DUPLICATE_METHOD_MATCH = YES;
				COPY_PHASE_STRIP = NO;
				DEBUG_INFORMATION_FORMAT = "dwarf-with-dsym";
				ENABLE_NS_ASSERTIONS = NO;
				ENABLE_STRICT_OBJC_MSGSEND = YES;
				GCC_C_LANGUAGE_STANDARD = gnu11;
				GCC_NO_COMMON_BLOCKS = YES;
				GCC_WARN_64_TO_32_BIT_CONVERSION = YES;
				GCC_WARN_ABOUT_RETURN_TYPE = YES_ERROR;
				GCC_WARN_UNDECLARED_SELECTOR = YES;
				GCC_WARN_UNINITIALIZED_AUTOS = YES_AGGRESSIVE;
				GCC_WARN_UNUSED_FUNCTION = YES;
				GCC_WARN_UNUSED_VARIABLE = YES;
				IPHONEOS_DEPLOYMENT_TARGET = 16.0;
				MTL_ENABLE_DEBUG_INFO = NO;
				MTL_FAST_MATH = YES;
				SDKROOT = iphoneos;
				SWIFT_COMPILATION_MODE = wholemodule;
				SWIFT_OPTIMIZATION_LEVEL = "-O";
				VALIDATE_PRODUCT = YES;
			};
			name = Release;
		};
		DCAA0D8229E5919500747E9F /* Debug */ = {
			isa = XCBuildConfiguration;
			buildSettings = {
				ASSETCATALOG_COMPILER_APPICON_NAME = AppIcon;
				ASSETCATALOG_COMPILER_GLOBAL_ACCENT_COLOR_NAME = AccentColor;
				CODE_SIGN_STYLE = Automatic;
				CURRENT_PROJECT_VERSION = 1;
				DEVELOPMENT_ASSET_PATHS = "\"VocabVibes/Preview Content\"";
				DEVELOPMENT_TEAM = 5KN7899368;
				ENABLE_PREVIEWS = YES;
				GENERATE_INFOPLIST_FILE = YES;
				INFOPLIST_FILE = VocabVibes/Info.plist;
				INFOPLIST_KEY_LSApplicationCategoryType = "public.app-category.education";
				INFOPLIST_KEY_UIApplicationSupportsIndirectInputEvents = YES;
				INFOPLIST_KEY_UILaunchScreen_Generation = YES;
				INFOPLIST_KEY_UISupportedInterfaceOrientations = UIInterfaceOrientationPortrait;
				IPHONEOS_DEPLOYMENT_TARGET = 16.0;
				LD_RUNPATH_SEARCH_PATHS = (
					"$(inherited)",
					"@executable_path/Frameworks",
				);
				MARKETING_VERSION = 1.0;
				PRODUCT_BUNDLE_IDENTIFIER = klimenko.VocabVibes;
				PRODUCT_NAME = "$(TARGET_NAME)";
				SUPPORTED_PLATFORMS = "iphoneos iphonesimulator";
				SUPPORTS_MACCATALYST = NO;
				SUPPORTS_MAC_DESIGNED_FOR_IPHONE_IPAD = YES;
				SWIFT_EMIT_LOC_STRINGS = YES;
				SWIFT_VERSION = 5.0;
				TARGETED_DEVICE_FAMILY = 1;
			};
			name = Debug;
		};
		DCAA0D8329E5919500747E9F /* Release */ = {
			isa = XCBuildConfiguration;
			buildSettings = {
				ASSETCATALOG_COMPILER_APPICON_NAME = AppIcon;
				ASSETCATALOG_COMPILER_GLOBAL_ACCENT_COLOR_NAME = AccentColor;
				CODE_SIGN_STYLE = Automatic;
				CURRENT_PROJECT_VERSION = 1;
				DEVELOPMENT_ASSET_PATHS = "\"VocabVibes/Preview Content\"";
				DEVELOPMENT_TEAM = 5KN7899368;
				ENABLE_PREVIEWS = YES;
				GENERATE_INFOPLIST_FILE = YES;
				INFOPLIST_FILE = VocabVibes/Info.plist;
				INFOPLIST_KEY_LSApplicationCategoryType = "public.app-category.education";
				INFOPLIST_KEY_UIApplicationSupportsIndirectInputEvents = YES;
				INFOPLIST_KEY_UILaunchScreen_Generation = YES;
				INFOPLIST_KEY_UISupportedInterfaceOrientations = UIInterfaceOrientationPortrait;
				IPHONEOS_DEPLOYMENT_TARGET = 16.0;
				LD_RUNPATH_SEARCH_PATHS = (
					"$(inherited)",
					"@executable_path/Frameworks",
				);
				MARKETING_VERSION = 1.0;
				PRODUCT_BUNDLE_IDENTIFIER = klimenko.VocabVibes;
				PRODUCT_NAME = "$(TARGET_NAME)";
				SUPPORTED_PLATFORMS = "iphoneos iphonesimulator";
				SUPPORTS_MACCATALYST = NO;
				SUPPORTS_MAC_DESIGNED_FOR_IPHONE_IPAD = YES;
				SWIFT_EMIT_LOC_STRINGS = YES;
				SWIFT_VERSION = 5.0;
				TARGETED_DEVICE_FAMILY = 1;
			};
			name = Release;
		};
/* End XCBuildConfiguration section */

/* Begin XCConfigurationList section */
		DC83FBD529E998C300EA8BFA /* Build configuration list for PBXNativeTarget "VocabVibesTests" */ = {
			isa = XCConfigurationList;
			buildConfigurations = (
				DC83FBD629E998C300EA8BFA /* Debug */,
				DC83FBD729E998C300EA8BFA /* Release */,
			);
			defaultConfigurationIsVisible = 0;
			defaultConfigurationName = Release;
		};
		DCAA0D6E29E5919400747E9F /* Build configuration list for PBXProject "VocabVibes" */ = {
			isa = XCConfigurationList;
			buildConfigurations = (
				DCAA0D7F29E5919500747E9F /* Debug */,
				DCAA0D8029E5919500747E9F /* Release */,
			);
			defaultConfigurationIsVisible = 0;
			defaultConfigurationName = Release;
		};
		DCAA0D8129E5919500747E9F /* Build configuration list for PBXNativeTarget "VocabVibes" */ = {
			isa = XCConfigurationList;
			buildConfigurations = (
				DCAA0D8229E5919500747E9F /* Debug */,
				DCAA0D8329E5919500747E9F /* Release */,
			);
			defaultConfigurationIsVisible = 0;
			defaultConfigurationName = Release;
		};
/* End XCConfigurationList section */

/* Begin XCRemoteSwiftPackageReference section */
		DC19DE8D2A3722A9005199F4 /* XCRemoteSwiftPackageReference "realm-swift" */ = {
			isa = XCRemoteSwiftPackageReference;
			repositoryURL = "https://github.com/realm/realm-swift.git";
			requirement = {
				branch = master;
				kind = branch;
			};
		};
/* End XCRemoteSwiftPackageReference section */

/* Begin XCSwiftPackageProductDependency section */
		DC19DE8E2A3722A9005199F4 /* Realm */ = {
			isa = XCSwiftPackageProductDependency;
			package = DC19DE8D2A3722A9005199F4 /* XCRemoteSwiftPackageReference "realm-swift" */;
			productName = Realm;
		};
		DC19DE902A3722A9005199F4 /* RealmSwift */ = {
			isa = XCSwiftPackageProductDependency;
			package = DC19DE8D2A3722A9005199F4 /* XCRemoteSwiftPackageReference "realm-swift" */;
			productName = RealmSwift;
		};
/* End XCSwiftPackageProductDependency section */
	};
	rootObject = DCAA0D6B29E5919400747E9F /* Project object */;
}
